{
  "requires": true,
  "lockfileVersion": 1,
  "dependencies": {
    "commander": {
      "version": "2.20.0",
      "resolved": "https://registry.npmjs.org/commander/-/commander-2.20.0.tgz",
      "integrity": "sha512-7j2y+40w61zy6YC2iRNpUe/NwhNyoXrYpHMrSunaMG64nRnaf96zO/KMQR4OyN/UnE5KLyEBnKHd4aG3rskjpQ=="
    },
    "katex": {
      "version": "0.11.0",
      "resolved": "https://registry.npmjs.org/katex/-/katex-0.11.0.tgz",
      "integrity": "sha512-RQsU3HSMjLW9AdPpi2zaBwM123goCbUcUbBJfmjcAdA982RgtEUNMmrf+3y8anGjgJLantcNLa/VSK73xztQBg==",
      "requires": {
        "commander": "^2.19.0"
      }
    }
  }
}
